lockfileVersion: '9.0'

settings:
  autoInstallPeers: true
  excludeLinksFromLockfile: false

importers:

  .:
    dependencies:
      '@google/generative-ai':
        specifier: ^0.16.0
        version: 0.16.0
      ollama:
        specifier: ^0.5.6
        version: 0.5.6

packages:

  '@google/generative-ai@0.16.0':
    resolution: {integrity: sha512-doB5ZNxS6m+jUZqaLCeYXfBZCdq6Ho0ibkq5/17xe1qAUZpCLWlvCDGtqFPqqO+yezNmvGatS0KhV22yiOT3DA==}
    engines: {node: '>=18.0.0'}

  ollama@0.5.6:
    resolution: {integrity: sha512-4BySAMt96+OCt4emL6DE78UBCGqC7GvteM9LRCd6WwJyefn0x9w2BrcUcLm9nJ9bYpRsmkhf0Au18Q5MhsA14w==}

  whatwg-fetch@3.6.20:
    resolution: {integrity: sha512-EqhiFU6daOA8kpjOWTL0olhVOF3i7OrFzSYiGsEMB8GcXS+RrzauAERX65xMeNWVqxA6HXH2m69Z9LaKKdisfg==}

snapshots:

  '@google/generative-ai@0.16.0': {}

  ollama@0.5.6:
    dependencies:
      whatwg-fetch: 3.6.20

  whatwg-fetch@3.6.20: {}
